github.com/go-json-experiment/json v0.0.0-20240524174822-2d9f40f7385b h1:IM96IiRXFcd7l+mU8Sys9pcggoBLbH/dEgzOESrS8F8=
github.com/go-json-experiment/json v0.0.0-20240524174822-2d9f40f7385b/go.mod h1:uDEMZSTQMj7V6Lxdrx4ZwchmHEGdICbjuY+GQd7j9LM=
github.com/go-json-experiment/json v0.0.0-20240815175050-ebd3a8989ca1 h1:xcuWappghOVI8iNWoF2OKahVejd1LSVi/v4JED44Amo=
github.com/go-json-experiment/json v0.0.0-20240815175050-ebd3a8989ca1/go.mod h1:BWmvoE1Xia34f3l/ibJweyhrT+aROb/FQ6d+37F0e2s=
github.com/google/go-cmp v0.5.9 h1:O2Tfq5qg4qc4AmwVlvv0oLiVAGB7enBSJ2x2DqQFi38=
github.com/google/go-cmp v0.5.9/go.mod h1:17dUlkBOakJ0+DkrSSNjCkIjxS6bF9zb3elmeNGIjoY=
gotest.tools/v3 v3.5.1 h1:EENdUnS3pdur5nybKYIh2Vfgc8IUNBjxDPSjtiJcOzU=
gotest.tools/v3 v3.5.1/go.mod h1:isy3WKz7GK6uNw/sbHzfKBLvlvXwUyV06n6brMxxopU=
